// !$*UTF8*$!
{
	archiveVersion = 1;
	classes = {
	};
	objectVersion = 77;
	objects = {

/* Begin PBXContainerItemProxy section */
		68C543A02E313CE600C409A7 /* PBXContainerItemProxy */ = {
			isa = PBXContainerItemProxy;
			containerPortal = 68A132D62E30509100CCE05C /* Project object */;
			proxyType = 1;
			remoteGlobalIDString = 68A132DD2E30509100CCE05C;
			remoteInfo = PossibleJourney;
		};
		68C543AF2E313CF600C409A7 /* PBXContainerItemProxy */ = {
			isa = PBXContainerItemProxy;
			containerPortal = 68A132D62E30509100CCE05C /* Project object */;
			proxyType = 1;
			remoteGlobalIDString = 68A132DD2E30509100CCE05C;
			remoteInfo = PossibleJourney;
		};
/* End PBXContainerItemProxy section */

/* Begin PBXFileReference section */
		68A132DE2E30509100CCE05C /* PossibleJourney.app */ = {isa = PBXFileReference; explicitFileType = wrapper.application; includeInIndex = 0; path = PossibleJourney.app; sourceTree = BUILT_PRODUCTS_DIR; };
		68C5439C2E313CE600C409A7 /* PossibleJourneyTests.xctest */ = {isa = PBXFileReference; explicitFileType = wrapper.cfbundle; includeInIndex = 0; path = PossibleJourneyTests.xctest; sourceTree = BUILT_PRODUCTS_DIR; };
		68C543A92E313CF600C409A7 /* PossibleJourneyUITests.xctest */ = {isa = PBXFileReference; explicitFileType = wrapper.cfbundle; includeInIndex = 0; path = PossibleJourneyUITests.xctest; sourceTree = BUILT_PRODUCTS_DIR; };
/* End PBXFileReference section */

/* Begin PBXFileSystemSynchronizedRootGroup section */
		68A132E02E30509100CCE05C /* PossibleJourney */ = {
			isa = PBXFileSystemSynchronizedRootGroup;
			path = PossibleJourney;
			sourceTree = "<group>";
		};
		68C5439D2E313CE600C409A7 /* PossibleJourneyTests */ = {
			isa = PBXFileSystemSynchronizedRootGroup;
			path = PossibleJourneyTests;
			sourceTree = "<group>";
		};
		68C543AA2E313CF600C409A7 /* PossibleJourneyUITests */ = {
			isa = PBXFileSystemSynchronizedRootGroup;
			path = PossibleJourneyUITests;
			sourceTree = "<group>";
		};
/* End PBXFileSystemSynchronizedRootGroup section */

/* Begin PBXFrameworksBuildPhase section */
		68A132DB2E30509100CCE05C /* Frameworks */ = {
			isa = PBXFrameworksBuildPhase;
			buildActionMask = 2147483647;
			files = (
			);
			runOnlyForDeploymentPostprocessing = 0;
		};
		68C543992E313CE600C409A7 /* Frameworks */ = {
			isa = PBXFrameworksBuildPhase;
			buildActionMask = 2147483647;
			files = (
			);
			runOnlyForDeploymentPostprocessing = 0;
		};
		68C543A62E313CF600C409A7 /* Frameworks */ = {
			isa = PBXFrameworksBuildPhase;
			buildActionMask = 2147483647;
			files = (
			);
			runOnlyForDeploymentPostprocessing = 0;
		};
/* End PBXFrameworksBuildPhase section */

/* Begin PBXGroup section */
		68A132D52E30509100CCE05C = {
			isa = PBXGroup;
			children = (
				68A132E02E30509100CCE05C /* PossibleJourney */,
				68C5439D2E313CE600C409A7 /* PossibleJourneyTests */,
				68C543AA2E313CF600C409A7 /* PossibleJourneyUITests */,
				68A132DF2E30509100CCE05C /* Products */,
			);
			sourceTree = "<group>";
		};
		68A132DF2E30509100CCE05C /* Products */ = {
			isa = PBXGroup;
			children = (
				68A132DE2E30509100CCE05C /* PossibleJourney.app */,
				68C5439C2E313CE600C409A7 /* PossibleJourneyTests.xctest */,
				68C543A92E313CF600C409A7 /* PossibleJourneyUITests.xctest */,
			);
			name = Products;
			sourceTree = "<group>";
		};
/* End PBXGroup section */

/* Begin PBXNativeTarget section */
		68A132DD2E30509100CCE05C /* PossibleJourney */ = {
			isa = PBXNativeTarget;
			buildConfigurationList = 68A132E92E30509200CCE05C /* Build configuration list for PBXNativeTarget "PossibleJourney" */;
			buildPhases = (
				68A132DA2E30509100CCE05C /* Sources */,
				68A132DB2E30509100CCE05C /* Frameworks */,
				68A132DC2E30509100CCE05C /* Resources */,
			);
			buildRules = (
			);
			dependencies = (
			);
			fileSystemSynchronizedGroups = (
				68A132E02E30509100CCE05C /* PossibleJourney */,
			);
			name = PossibleJourney;
			packageProductDependencies = (
			);
			productName = PossibleJourney;
			productReference = 68A132DE2E30509100CCE05C /* PossibleJourney.app */;
			productType = "com.apple.product-type.application";
		};
		68C5439B2E313CE600C409A7 /* PossibleJourneyTests */ = {
			isa = PBXNativeTarget;
			buildConfigurationList = 68C543A42E313CE600C409A7 /* Build configuration list for PBXNativeTarget "PossibleJourneyTests" */;
			buildPhases = (
				68C543982E313CE600C409A7 /* Sources */,
				68C543992E313CE600C409A7 /* Frameworks */,
				68C5439A2E313CE600C409A7 /* Resources */,
			);
			buildRules = (
			);
			dependencies = (
				68C543A12E313CE600C409A7 /* PBXTargetDependency */,
			);
			fileSystemSynchronizedGroups = (
				68C5439D2E313CE600C409A7 /* PossibleJourneyTests */,
			);
			name = PossibleJourneyTests;
			packageProductDependencies = (
			);
			productName = PossibleJourneyTests;
			productReference = 68C5439C2E313CE600C409A7 /* PossibleJourneyTests.xctest */;
			productType = "com.apple.product-type.bundle.unit-test";
		};
		68C543A82E313CF600C409A7 /* PossibleJourneyUITests */ = {
			isa = PBXNativeTarget;
			buildConfigurationList = 68C543B12E313CF600C409A7 /* Build configuration list for PBXNativeTarget "PossibleJourneyUITests" */;
			buildPhases = (
				68C543A52E313CF600C409A7 /* Sources */,
				68C543A62E313CF600C409A7 /* Frameworks */,
				68C543A72E313CF600C409A7 /* Resources */,
			);
			buildRules = (
			);
			dependencies = (
				68C543B02E313CF600C409A7 /* PBXTargetDependency */,
			);
			fileSystemSynchronizedGroups = (
				68C543AA2E313CF600C409A7 /* PossibleJourneyUITests */,
			);
			name = PossibleJourneyUITests;
			packageProductDependencies = (
			);
			productName = PossibleJourneyUITests;
			productReference = 68C543A92E313CF600C409A7 /* PossibleJourneyUITests.xctest */;
			productType = "com.apple.product-type.bundle.ui-testing";
		};
/* End PBXNativeTarget section */

/* Begin PBXProject section */
		68A132D62E30509100CCE05C /* Project object */ = {
			isa = PBXProject;
			attributes = {
				BuildIndependentTargetsInParallel = 1;
				LastSwiftUpdateCheck = 1640;
				LastUpgradeCheck = 1640;
				TargetAttributes = {
					68A132DD2E30509100CCE05C = {
						CreatedOnToolsVersion = 16.4;
					};
					68C5439B2E313CE600C409A7 = {
						CreatedOnToolsVersion = 16.4;
						TestTargetID = 68A132DD2E30509100CCE05C;
					};
					68C543A82E313CF600C409A7 = {
						CreatedOnToolsVersion = 16.4;
						TestTargetID = 68A132DD2E30509100CCE05C;
					};
				};
			};
			buildConfigurationList = 68A132D92E30509100CCE05C /* Build configuration list for PBXProject "PossibleJourney" */;
			developmentRegion = en;
			hasScannedForEncodings = 0;
			knownRegions = (
				en,
				Base,
			);
			mainGroup = 68A132D52E30509100CCE05C;
			minimizedProjectReferenceProxies = 1;
			preferredProjectObjectVersion = 77;
			productRefGroup = 68A132DF2E30509100CCE05C /* Products */;
			projectDirPath = "";
			projectRoot = "";
			targets = (
				68A132DD2E30509100CCE05C /* PossibleJourney */,
				68C5439B2E313CE600C409A7 /* PossibleJourneyTests */,
				68C543A82E313CF600C409A7 /* PossibleJourneyUITests */,
			);
		};
/* End PBXProject section */

/* Begin PBXResourcesBuildPhase section */
		68A132DC2E30509100CCE05C /* Resources */ = {
			isa = PBXResourcesBuildPhase;
			buildActionMask = 2147483647;
			files = (
			);
			runOnlyForDeploymentPostprocessing = 0;
		};
		68C5439A2E313CE600C409A7 /* Resources */ = {
			isa = PBXResourcesBuildPhase;
			buildActionMask = 2147483647;
			files = (
			);
			runOnlyForDeploymentPostprocessing = 0;
		};
		68C543A72E313CF600C409A7 /* Resources */ = {
			isa = PBXResourcesBuildPhase;
			buildActionMask = 2147483647;
			files = (
			);
			runOnlyForDeploymentPostprocessing = 0;
		};
/* End PBXResourcesBuildPhase section */

/* Begin PBXSourcesBuildPhase section */
		68A132DA2E30509100CCE05C /* Sources */ = {
			isa = PBXSourcesBuildPhase;
			buildActionMask = 2147483647;
			files = (
			);
			runOnlyForDeploymentPostprocessing = 0;
		};
		68C543982E313CE600C409A7 /* Sources */ = {
			isa = PBXSourcesBuildPhase;
			buildActionMask = 2147483647;
			files = (
			);
			runOnlyForDeploymentPostprocessing = 0;
		};
		68C543A52E313CF600C409A7 /* Sources */ = {
			isa = PBXSourcesBuildPhase;
			buildActionMask = 2147483647;
			files = (
			);
			runOnlyForDeploymentPostprocessing = 0;
		};
/* End PBXSourcesBuildPhase section */

/* Begin PBXTargetDependency section */
		68C543A12E313CE600C409A7 /* PBXTargetDependency */ = {
			isa = PBXTargetDependency;
			target = 68A132DD2E30509100CCE05C /* PossibleJourney */;
			targetProxy = 68C543A02E313CE600C409A7 /* PBXContainerItemProxy */;
		};
		68C543B02E313CF600C409A7 /* PBXTargetDependency */ = {
			isa = PBXTargetDependency;
			target = 68A132DD2E30509100CCE05C /* PossibleJourney */;
			targetProxy = 68C543AF2E313CF600C409A7 /* PBXContainerItemProxy */;
		};
/* End PBXTargetDependency section */

/* Begin XCBuildConfiguration section */
		68A132E72E30509200CCE05C /* Debug */ = {
			isa = XCBuildConfiguration;
			buildSettings = {
				ALWAYS_SEARCH_USER_PATHS = NO;
				ARCHIVE_PATH = "$(BUILT_PRODUCTS_DIR)/../..";
				ASSETCATALOG_COMPILER_GENERATE_SWIFT_ASSET_SYMBOL_EXTENSIONS = YES;
				CLANG_ANALYZER_NONNULL = YES;
				CLANG_ANALYZER_NUMBER_OBJECT_CONVERSION = YES_AGGRESSIVE;
				CLANG_CXX_LANGUAGE_STANDARD = "gnu++20";
				CLANG_ENABLE_MODULES = YES;
				CLANG_ENABLE_OBJC_ARC = YES;
				CLANG_ENABLE_OBJC_WEAK = YES;
				CLANG_WARN_BLOCK_CAPTURE_AUTORELEASING = YES;
				CLANG_WARN_BOOL_CONVERSION = YES;
				CLANG_WARN_COMMA = YES;
				CLANG_WARN_CONSTANT_CONVERSION = YES;
				CLANG_WARN_DEPRECATED_OBJC_IMPLEMENTATIONS = YES;
				CLANG_WARN_DIRECT_OBJC_ISA_USAGE = YES_ERROR;
				CLANG_WARN_DOCUMENTATION_COMMENTS = YES;
				CLANG_WARN_EMPTY_BODY = YES;
				CLANG_WARN_ENUM_CONVERSION = YES;
				CLANG_WARN_INFINITE_RECURSION = YES;
				CLANG_WARN_INT_CONVERSION = YES;
				CLANG_WARN_NON_LITERAL_NULL_CONVERSION = YES;
				CLANG_WARN_OBJC_IMPLICIT_RETAIN_SELF = YES;
				CLANG_WARN_OBJC_LITERAL_CONVERSION = YES;
				CLANG_WARN_OBJC_ROOT_CLASS = YES_ERROR;
				CLANG_WARN_QUOTED_INCLUDE_IN_FRAMEWORK_HEADER = YES;
				CLANG_WARN_RANGE_LOOP_ANALYSIS = YES;
				CLANG_WARN_STRICT_PROTOTYPES = YES;
				CLANG_WARN_SUSPICIOUS_MOVE = YES;
				CLANG_WARN_UNGUARDED_AVAILABILITY = YES_AGGRESSIVE;
				CLANG_WARN_UNREACHABLE_CODE = YES;
				CLANG_WARN__DUPLICATE_METHOD_MATCH = YES;
				COPY_PHASE_STRIP = NO;
				DEBUG_INFORMATION_FORMAT = dwarf;
				ENABLE_STRICT_OBJC_MSGSEND = YES;
				ENABLE_TESTABILITY = YES;
				ENABLE_USER_SCRIPT_SANDBOXING = YES;
				GCC_C_LANGUAGE_STANDARD = gnu17;
				GCC_DYNAMIC_NO_PIC = NO;
				GCC_NO_COMMON_BLOCKS = YES;
				GCC_OPTIMIZATION_LEVEL = 0;
				GCC_PREPROCESSOR_DEFINITIONS = (
					"DEBUG=1",
					"$(inherited)",
				);
				GCC_WARN_64_TO_32_BIT_CONVERSION = YES;
				GCC_WARN_ABOUT_RETURN_TYPE = YES_ERROR;
				GCC_WARN_UNDECLARED_SELECTOR = YES;
				GCC_WARN_UNINITIALIZED_AUTOS = YES_AGGRESSIVE;
				GCC_WARN_UNUSED_FUNCTION = YES;
				GCC_WARN_UNUSED_VARIABLE = YES;
				IPHONEOS_DEPLOYMENT_TARGET = 18.5;
				LOCALIZATION_PREFERS_STRING_CATALOGS = YES;
				MTL_ENABLE_DEBUG_INFO = INCLUDE_SOURCE;
				MTL_FAST_MATH = YES;
				ONLY_ACTIVE_ARCH = YES;
				SDKROOT = iphoneos;
				SWIFT_ACTIVE_COMPILATION_CONDITIONS = "DEBUG $(inherited)";
				SWIFT_OPTIMIZATION_LEVEL = "-Onone";
			};
			name = Debug;
		};
		68A132E82E30509200CCE05C /* Release */ = {
			isa = XCBuildConfiguration;
			buildSettings = {
				ALWAYS_SEARCH_USER_PATHS = NO;
				ARCHIVE_PATH = "$(BUILT_PRODUCTS_DIR)/../..";
				ASSETCATALOG_COMPILER_GENERATE_SWIFT_ASSET_SYMBOL_EXTENSIONS = YES;
				CLANG_ANALYZER_NONNULL = YES;
				CLANG_ANALYZER_NUMBER_OBJECT_CONVERSION = YES_AGGRESSIVE;
				CLANG_CXX_LANGUAGE_STANDARD = "gnu++20";
				CLANG_ENABLE_MODULES = YES;
				CLANG_ENABLE_OBJC_ARC = YES;
				CLANG_ENABLE_OBJC_WEAK = YES;
				CLANG_WARN_BLOCK_CAPTURE_AUTORELEASING = YES;
				CLANG_WARN_BOOL_CONVERSION = YES;
				CLANG_WARN_COMMA = YES;
				CLANG_WARN_CONSTANT_CONVERSION = YES;
				CLANG_WARN_DEPRECATED_OBJC_IMPLEMENTATIONS = YES;
				CLANG_WARN_DIRECT_OBJC_ISA_USAGE = YES_ERROR;
				CLANG_WARN_DOCUMENTATION_COMMENTS = YES;
				CLANG_WARN_EMPTY_BODY = YES;
				CLANG_WARN_ENUM_CONVERSION = YES;
				CLANG_WARN_INFINITE_RECURSION = YES;
				CLANG_WARN_INT_CONVERSION = YES;
				CLANG_WARN_NON_LITERAL_NULL_CONVERSION = YES;
				CLANG_WARN_OBJC_IMPLICIT_RETAIN_SELF = YES;
				CLANG_WARN_OBJC_LITERAL_CONVERSION = YES;
				CLANG_WARN_OBJC_ROOT_CLASS = YES_ERROR;
				CLANG_WARN_QUOTED_INCLUDE_IN_FRAMEWORK_HEADER = YES;
				CLANG_WARN_RANGE_LOOP_ANALYSIS = YES;
				CLANG_WARN_STRICT_PROTOTYPES = YES;
				CLANG_WARN_SUSPICIOUS_MOVE = YES;
				CLANG_WARN_UNGUARDED_AVAILABILITY = YES_AGGRESSIVE;
				CLANG_WARN_UNREACHABLE_CODE = YES;
				CLANG_WARN__DUPLICATE_METHOD_MATCH = YES;
				COPY_PHASE_STRIP = NO;
				DEBUG_INFORMATION_FORMAT = "dwarf-with-dsym";
				ENABLE_NS_ASSERTIONS = NO;
				ENABLE_STRICT_OBJC_MSGSEND = YES;
				ENABLE_USER_SCRIPT_SANDBOXING = YES;
				GCC_C_LANGUAGE_STANDARD = gnu17;
				GCC_NO_COMMON_BLOCKS = YES;
				GCC_WARN_64_TO_32_BIT_CONVERSION = YES;
				GCC_WARN_ABOUT_RETURN_TYPE = YES_ERROR;
				GCC_WARN_UNDECLARED_SELECTOR = YES;
				GCC_WARN_UNINITIALIZED_AUTOS = YES_AGGRESSIVE;
				GCC_WARN_UNUSED_FUNCTION = YES;
				GCC_WARN_UNUSED_VARIABLE = YES;
				IPHONEOS_DEPLOYMENT_TARGET = 18.5;
				LOCALIZATION_PREFERS_STRING_CATALOGS = YES;
				MTL_ENABLE_DEBUG_INFO = NO;
				MTL_FAST_MATH = YES;
				SDKROOT = iphoneos;
				SWIFT_COMPILATION_MODE = wholemodule;
				VALIDATE_PRODUCT = YES;
			};
			name = Release;
		};
		68A132EA2E30509200CCE05C /* Debug */ = {
			isa = XCBuildConfiguration;
			buildSettings = {
				ASSETCATALOG_COMPILER_APPICON_NAME = AppIcon;
				ASSETCATALOG_COMPILER_GLOBAL_ACCENT_COLOR_NAME = AccentColor;
				CODE_SIGN_STYLE = Automatic;
				CURRENT_PROJECT_VERSION = 1;
				DEVELOPMENT_TEAM = C63QY5NNJS;
				ENABLE_PREVIEWS = YES;
				GENERATE_INFOPLIST_FILE = YES;
				INFOPLIST_KEY_ITSAppUsesNonExemptEncryption = NO;
				INFOPLIST_KEY_NSCameraUsageDescription = "Possible Journey needs camera access to take progress photos for your daily tasks.";
				INFOPLIST_KEY_NSPhotoLibraryUsageDescription = "Possible Journey needs photo library access to select progress photos for your daily tasks.";
				INFOPLIST_KEY_UIApplicationSceneManifest_Generation = YES;
				INFOPLIST_KEY_UIApplicationSupportsIndirectInputEvents = YES;
				INFOPLIST_KEY_UILaunchScreen_Generation = YES;
				INFOPLIST_KEY_UISupportedInterfaceOrientations_iPad = "UIInterfaceOrientationPortrait UIInterfaceOrientationPortraitUpsideDown UIInterfaceOrientationLandscapeLeft UIInterfaceOrientationLandscapeRight";
				INFOPLIST_KEY_UISupportedInterfaceOrientations_iPhone = "UIInterfaceOrientationPortrait UIInterfaceOrientationLandscapeLeft UIInterfaceOrientationLandscapeRight";
				LD_RUNPATH_SEARCH_PATHS = (
					"$(inherited)",
					"@executable_path/Frameworks",
				);
				MARKETING_VERSION = 1.9;
				PRODUCT_BUNDLE_IDENTIFIER = com.mrpossible.PossibleJourney;
				PRODUCT_NAME = "$(TARGET_NAME)";
				SWIFT_EMIT_LOC_STRINGS = YES;
				SWIFT_VERSION = 5.0;
				TARGETED_DEVICE_FAMILY = "1,2";
			};
			name = Debug;
		};
		68A132EB2E30509200CCE05C /* Release */ = {
			isa = XCBuildConfiguration;
			buildSettings = {
				ASSETCATALOG_COMPILER_APPICON_NAME = AppIcon;
				ASSETCATALOG_COMPILER_GLOBAL_ACCENT_COLOR_NAME = AccentColor;
				CODE_SIGN_STYLE = Automatic;
				CURRENT_PROJECT_VERSION = 1;
				DEVELOPMENT_TEAM = C63QY5NNJS;
				ENABLE_PREVIEWS = YES;
				GENERATE_INFOPLIST_FILE = YES;
				INFOPLIST_KEY_ITSAppUsesNonExemptEncryption = NO;
				INFOPLIST_KEY_NSCameraUsageDescription = "Possible Journey needs camera access to take progress photos for your daily tasks.";
				INFOPLIST_KEY_NSPhotoLibraryUsageDescription = "Possible Journey needs photo library access to select progress photos for your daily tasks.";
				INFOPLIST_KEY_UIApplicationSceneManifest_Generation = YES;
				INFOPLIST_KEY_UIApplicationSupportsIndirectInputEvents = YES;
				INFOPLIST_KEY_UILaunchScreen_Generation = YES;
				INFOPLIST_KEY_UISupportedInterfaceOrientations_iPad = "UIInterfaceOrientationPortrait UIInterfaceOrientationPortraitUpsideDown UIInterfaceOrientationLandscapeLeft UIInterfaceOrientationLandscapeRight";
				INFOPLIST_KEY_UISupportedInterfaceOrientations_iPhone = "UIInterfaceOrientationPortrait UIInterfaceOrientationLandscapeLeft UIInterfaceOrientationLandscapeRight";
				LD_RUNPATH_SEARCH_PATHS = (
					"$(inherited)",
					"@executable_path/Frameworks",
				);
				MARKETING_VERSION = 1.9;
				PRODUCT_BUNDLE_IDENTIFIER = com.mrpossible.PossibleJourney;
				PRODUCT_NAME = "$(TARGET_NAME)";
				SWIFT_EMIT_LOC_STRINGS = YES;
				SWIFT_VERSION = 5.0;
				TARGETED_DEVICE_FAMILY = "1,2";
			};
			name = Release;
		};
		68C543A22E313CE600C409A7 /* Debug */ = {
			isa = XCBuildConfiguration;
			buildSettings = {
				BUNDLE_LOADER = "$(TEST_HOST)";
				CODE_SIGN_STYLE = Automatic;
				CURRENT_PROJECT_VERSION = 1;
				GENERATE_INFOPLIST_FILE = YES;
				MARKETING_VERSION = 1.9;
				PRODUCT_BUNDLE_IDENTIFIER = com.mrpossible.PossibleJourneyTests;
				PRODUCT_NAME = "$(TARGET_NAME)";
				SWIFT_EMIT_LOC_STRINGS = NO;
				SWIFT_VERSION = 5.0;
				TARGETED_DEVICE_FAMILY = "1,2";
				TEST_HOST = "$(BUILT_PRODUCTS_DIR)/PossibleJourney.app/$(BUNDLE_EXECUTABLE_FOLDER_PATH)/PossibleJourney";
			};
			name = Debug;
		};
		68C543A32E313CE600C409A7 /* Release */ = {
			isa = XCBuildConfiguration;
			buildSettings = {
				BUNDLE_LOADER = "$(TEST_HOST)";
				CODE_SIGN_STYLE = Automatic;
				CURRENT_PROJECT_VERSION = 1;
				GENERATE_INFOPLIST_FILE = YES;
				MARKETING_VERSION = 1.9;
				PRODUCT_BUNDLE_IDENTIFIER = com.mrpossible.PossibleJourneyTests;
				PRODUCT_NAME = "$(TARGET_NAME)";
				SWIFT_EMIT_LOC_STRINGS = NO;
				SWIFT_VERSION = 5.0;
				TARGETED_DEVICE_FAMILY = "1,2";
				TEST_HOST = "$(BUILT_PRODUCTS_DIR)/PossibleJourney.app/$(BUNDLE_EXECUTABLE_FOLDER_PATH)/PossibleJourney";
			};
			name = Release;
		};
		68C543B22E313CF600C409A7 /* Debug */ = {
			isa = XCBuildConfiguration;
			buildSettings = {
				CODE_SIGN_STYLE = Automatic;
				CURRENT_PROJECT_VERSION = 1;
				GENERATE_INFOPLIST_FILE = YES;
				MARKETING_VERSION = 1.9;
				PRODUCT_BUNDLE_IDENTIFIER = com.mrpossible.PossibleJourneyUITests;
				PRODUCT_NAME = "$(TARGET_NAME)";
				SWIFT_EMIT_LOC_STRINGS = NO;
				SWIFT_VERSION = 5.0;
				TARGETED_DEVICE_FAMILY = "1,2";
				TEST_TARGET_NAME = PossibleJourney;
			};
			name = Debug;
		};
		68C543B32E313CF600C409A7 /* Release */ = {
			isa = XCBuildConfiguration;
			buildSettings = {
				CODE_SIGN_STYLE = Automatic;
				CURRENT_PROJECT_VERSION = 1;
				GENERATE_INFOPLIST_FILE = YES;
				MARKETING_VERSION = 1.9;
				PRODUCT_BUNDLE_IDENTIFIER = com.mrpossible.PossibleJourneyUITests;
				PRODUCT_NAME = "$(TARGET_NAME)";
				SWIFT_EMIT_LOC_STRINGS = NO;
				SWIFT_VERSION = 5.0;
				TARGETED_DEVICE_FAMILY = "1,2";
				TEST_TARGET_NAME = PossibleJourney;
			};
			name = Release;
		};
/* End XCBuildConfiguration section */

/* Begin XCConfigurationList section */
		68A132D92E30509100CCE05C /* Build configuration list for PBXProject "PossibleJourney" */ = {
			isa = XCConfigurationList;
			buildConfigurations = (
				68A132E72E30509200CCE05C /* Debug */,
				68A132E82E30509200CCE05C /* Release */,
			);
			defaultConfigurationIsVisible = 0;
			defaultConfigurationName = Release;
		};
		68A132E92E30509200CCE05C /* Build configuration list for PBXNativeTarget "PossibleJourney" */ = {
			isa = XCConfigurationList;
			buildConfigurations = (
				68A132EA2E30509200CCE05C /* Debug */,
				68A132EB2E30509200CCE05C /* Release */,
			);
			defaultConfigurationIsVisible = 0;
			defaultConfigurationName = Release;
		};
		68C543A42E313CE600C409A7 /* Build configuration list for PBXNativeTarget "PossibleJourneyTests" */ = {
			isa = XCConfigurationList;
			buildConfigurations = (
				68C543A22E313CE600C409A7 /* Debug */,
				68C543A32E313CE600C409A7 /* Release */,
			);
			defaultConfigurationIsVisible = 0;
			defaultConfigurationName = Release;
		};
		68C543B12E313CF600C409A7 /* Build configuration list for PBXNativeTarget "PossibleJourneyUITests" */ = {
			isa = XCConfigurationList;
			buildConfigurations = (
				68C543B22E313CF600C409A7 /* Debug */,
				68C543B32E313CF600C409A7 /* Release */,
			);
			defaultConfigurationIsVisible = 0;
			defaultConfigurationName = Release;
		};
/* End XCConfigurationList section */
	};
	rootObject = 68A132D62E30509100CCE05C /* Project object */;
}
